
Microsoft Visual Studio Solution File, Format Version 12.00
# Visual Studio 15
VisualStudioVersion = 15.0.26124.0
MinimumVisualStudioVersion = 15.0.26124.0
Project("{FAE04EC0-301F-11D3-BF4B-00C04F79EFBC}") = "Star-Wars.API", "Star-Wars.API\Star-Wars.API.csproj", "{A3029AA1-E684-4D2B-B5F6-A34810F8E1FB}"
EndProject
Project("{FAE04EC0-301F-11D3-BF4B-00C04F79EFBC}") = "Star-Wars.Domain", "Star-Wars.Domain\Star-Wars.Domain.csproj", "{D7AFAA19-DC85-4A74-A7E9-8AFE3A50A028}"
EndProject
Project("{FAE04EC0-301F-11D3-BF4B-00C04F79EFBC}") = "Star-Wars.Infrastructure", "Star-Wars.Infrastructure\Star-Wars.Infrastructure.csproj", "{88C47886-9071-46D2-9B7E-DC45D1FD30BB}"
EndProject
Project("{FAE04EC0-301F-11D3-BF4B-00C04F79EFBC}") = "Tests", "Tests\Tests.csproj", "{18FBC6A7-690E-45CE-A23C-D1C738538E4C}"
EndProject
Global
	GlobalSection(SolutionConfigurationPlatforms) = preSolution
		Debug|Any CPU = Debug|Any CPU
		Debug|x64 = Debug|x64
		Debug|x86 = Debug|x86
		Release|Any CPU = Release|Any CPU
		Release|x64 = Release|x64
		Release|x86 = Release|x86
	EndGlobalSection
	GlobalSection(SolutionProperties) = preSolution
		HideSolutionNode = FALSE
	EndGlobalSection
	GlobalSection(ProjectConfigurationPlatforms) = postSolution
		{A3029AA1-E684-4D2B-B5F6-A34810F8E1FB}.Debug|Any CPU.ActiveCfg = Debug|Any CPU
		{A3029AA1-E684-4D2B-B5F6-A34810F8E1FB}.Debug|Any CPU.Build.0 = Debug|Any CPU
		{A3029AA1-E684-4D2B-B5F6-A34810F8E1FB}.Debug|x64.ActiveCfg = Debug|Any CPU
		{A3029AA1-E684-4D2B-B5F6-A34810F8E1FB}.Debug|x64.Build.0 = Debug|Any CPU
		{A3029AA1-E684-4D2B-B5F6-A34810F8E1FB}.Debug|x86.ActiveCfg = Debug|Any CPU
		{A3029AA1-E684-4D2B-B5F6-A34810F8E1FB}.Debug|x86.Build.0 = Debug|Any CPU
		{A3029AA1-E684-4D2B-B5F6-A34810F8E1FB}.Release|Any CPU.ActiveCfg = Release|Any CPU
		{A3029AA1-E684-4D2B-B5F6-A34810F8E1FB}.Release|Any CPU.Build.0 = Release|Any CPU
		{A3029AA1-E684-4D2B-B5F6-A34810F8E1FB}.Release|x64.ActiveCfg = Release|Any CPU
		{A3029AA1-E684-4D2B-B5F6-A34810F8E1FB}.Release|x64.Build.0 = Release|Any CPU
		{A3029AA1-E684-4D2B-B5F6-A34810F8E1FB}.Release|x86.ActiveCfg = Release|Any CPU
		{A3029AA1-E684-4D2B-B5F6-A34810F8E1FB}.Release|x86.Build.0 = Release|Any CPU
		{D7AFAA19-DC85-4A74-A7E9-8AFE3A50A028}.Debug|Any CPU.ActiveCfg = Debug|Any CPU
		{D7AFAA19-DC85-4A74-A7E9-8AFE3A50A028}.Debug|Any CPU.Build.0 = Debug|Any CPU
		{D7AFAA19-DC85-4A74-A7E9-8AFE3A50A028}.Debug|x64.ActiveCfg = Debug|Any CPU
		{D7AFAA19-DC85-4A74-A7E9-8AFE3A50A028}.Debug|x64.Build.0 = Debug|Any CPU
		{D7AFAA19-DC85-4A74-A7E9-8AFE3A50A028}.Debug|x86.ActiveCfg = Debug|Any CPU
		{D7AFAA19-DC85-4A74-A7E9-8AFE3A50A028}.Debug|x86.Build.0 = Debug|Any CPU
		{D7AFAA19-DC85-4A74-A7E9-8AFE3A50A028}.Release|Any CPU.ActiveCfg = Release|Any CPU
		{D7AFAA19-DC85-4A74-A7E9-8AFE3A50A028}.Release|Any CPU.Build.0 = Release|Any CPU
		{D7AFAA19-DC85-4A74-A7E9-8AFE3A50A028}.Release|x64.ActiveCfg = Release|Any CPU
		{D7AFAA19-DC85-4A74-A7E9-8AFE3A50A028}.Release|x64.Build.0 = Release|Any CPU
		{D7AFAA19-DC85-4A74-A7E9-8AFE3A50A028}.Release|x86.ActiveCfg = Release|Any CPU
		{D7AFAA19-DC85-4A74-A7E9-8AFE3A50A028}.Release|x86.Build.0 = Release|Any CPU
		{88C47886-9071-46D2-9B7E-DC45D1FD30BB}.Debug|Any CPU.ActiveCfg = Debug|Any CPU
		{88C47886-9071-46D2-9B7E-DC45D1FD30BB}.Debug|Any CPU.Build.0 = Debug|Any CPU
		{88C47886-9071-46D2-9B7E-DC45D1FD30BB}.Debug|x64.ActiveCfg = Debug|Any CPU
		{88C47886-9071-46D2-9B7E-DC45D1FD30BB}.Debug|x64.Build.0 = Debug|Any CPU
		{88C47886-9071-46D2-9B7E-DC45D1FD30BB}.Debug|x86.ActiveCfg = Debug|Any CPU
		{88C47886-9071-46D2-9B7E-DC45D1FD30BB}.Debug|x86.Build.0 = Debug|Any CPU
		{88C47886-9071-46D2-9B7E-DC45D1FD30BB}.Release|Any CPU.ActiveCfg = Release|Any CPU
		{88C47886-9071-46D2-9B7E-DC45D1FD30BB}.Release|Any CPU.Build.0 = Release|Any CPU
		{88C47886-9071-46D2-9B7E-DC45D1FD30BB}.Release|x64.ActiveCfg = Release|Any CPU
		{88C47886-9071-46D2-9B7E-DC45D1FD30BB}.Release|x64.Build.0 = Release|Any CPU
		{88C47886-9071-46D2-9B7E-DC45D1FD30BB}.Release|x86.ActiveCfg = Release|Any CPU
		{88C47886-9071-46D2-9B7E-DC45D1FD30BB}.Release|x86.Build.0 = Release|Any CPU
		{18FBC6A7-690E-45CE-A23C-D1C738538E4C}.Debug|Any CPU.ActiveCfg = Debug|Any CPU
		{18FBC6A7-690E-45CE-A23C-D1C738538E4C}.Debug|Any CPU.Build.0 = Debug|Any CPU
		{18FBC6A7-690E-45CE-A23C-D1C738538E4C}.Debug|x64.ActiveCfg = Debug|Any CPU
		{18FBC6A7-690E-45CE-A23C-D1C738538E4C}.Debug|x64.Build.0 = Debug|Any CPU
		{18FBC6A7-690E-45CE-A23C-D1C738538E4C}.Debug|x86.ActiveCfg = Debug|Any CPU
		{18FBC6A7-690E-45CE-A23C-D1C738538E4C}.Debug|x86.Build.0 = Debug|Any CPU
		{18FBC6A7-690E-45CE-A23C-D1C738538E4C}.Release|Any CPU.ActiveCfg = Release|Any CPU
		{18FBC6A7-690E-45CE-A23C-D1C738538E4C}.Release|Any CPU.Build.0 = Release|Any CPU
		{18FBC6A7-690E-45CE-A23C-D1C738538E4C}.Release|x64.ActiveCfg = Release|Any CPU
		{18FBC6A7-690E-45CE-A23C-D1C738538E4C}.Release|x64.Build.0 = Release|Any CPU
		{18FBC6A7-690E-45CE-A23C-D1C738538E4C}.Release|x86.ActiveCfg = Release|Any CPU
		{18FBC6A7-690E-45CE-A23C-D1C738538E4C}.Release|x86.Build.0 = Release|Any CPU
	EndGlobalSection
EndGlobal
